<?xml version="1.0" encoding="utf-8"?>
<Project ToolsVersion="4.0" xmlns="http://schemas.microsoft.com/developer/msbuild/2003">
  <ItemGroup>
    <Filter Include="Source Files">
      <UniqueIdentifier>{4FC737F1-C7A5-4376-A066-2A32D752A2FF}</UniqueIdentifier>
      <Extensions>cpp;cxx;c;def</Extensions>
    </Filter>
    <Filter Include="Header Files">
      <UniqueIdentifier>{93995380-89BD-4b04-88EB-625FBE52EBFB}</UniqueIdentifier>
      <Extensions>h</Extensions>
    </Filter>
    <Filter Include="Form Files">
      <UniqueIdentifier>{99349809-55BA-4b9d-BF79-8FDBB0286EB3}</UniqueIdentifier>
      <Extensions>ui</Extensions>
    </Filter>
    <Filter Include="Resource Files">
      <UniqueIdentifier>{D9D6E242-F8AF-46E4-B9FD-80ECBC20BA3E}</UniqueIdentifier>
      <Extensions>qrc;*</Extensions>
      <ParseFiles>false</ParseFiles>
    </Filter>
    <Filter Include="Generated Files">
      <UniqueIdentifier>{71ED8ED8-ACB9-4CE9-BBE1-E00B30144E11}</UniqueIdentifier>
      <Extensions>moc;h;cpp</Extensions>
      <SourceControlFiles>False</SourceControlFiles>
    </Filter>
    <Filter Include="Generated Files\Release">
      <UniqueIdentifier>{f77f047e-e6ef-4281-aa42-bfc7816807dc}</UniqueIdentifier>
      <Extensions>cpp;moc</Extensions>
      <SourceControlFiles>False</SourceControlFiles>
    </Filter>
    <Filter Include="Generated Files\Debug">
      <UniqueIdentifier>{16058a6a-5bb4-4727-9278-920eec28a900}</UniqueIdentifier>
      <Extensions>cpp;moc</Extensions>
      <SourceControlFiles>False</SourceControlFiles>
    </Filter>
    <Filter Include="Translation Files">
      <UniqueIdentifier>{639EADAA-A684-42e4-A9AD-28FC9BCB8F7C}</UniqueIdentifier>
      <Extensions>ts</Extensions>
      <ParseFiles>false</ParseFiles>
    </Filter>
    <Filter Include="Generated Files\Template">
      <UniqueIdentifier>{d95fb6d8-c645-4f09-8c14-72b20be332ed}</UniqueIdentifier>
      <Extensions>cpp;moc</Extensions>
      <SourceControlFiles>False</SourceControlFiles>
    </Filter>
    <Filter Include="qtsingleapplication">
      <UniqueIdentifier>{4349ff68-037b-4550-a163-aaf749dbc7e5}</UniqueIdentifier>
    </Filter>
  </ItemGroup>
  <ItemGroup>
    <ClCompile Include="enums.cpp">
      <Filter>Source Files</Filter>
    </ClCompile>
    <ClCompile Include="helpers.cpp">
      <Filter>Source Files</Filter>
    </ClCompile>
    <ClCompile Include="itemdatabase.cpp">
      <Filter>Source Files</Filter>
    </ClCompile>
    <ClCompile Include="itemspropertiessplitter.cpp">
      <Filter>Source Files</Filter>
    </ClCompile>
    <ClCompile Include="itemstoragetablemodel.cpp">
      <Filter>Source Files</Filter>
    </ClCompile>
    <ClCompile Include="itemstoragetableview.cpp">
      <Filter>Source Files</Filter>
    </ClCompile>
    <ClCompile Include="itemsviewerdialog.cpp">
      <Filter>Source Files</Filter>
    </ClCompile>
    <ClCompile Include="main.cpp">
      <Filter>Source Files</Filter>
    </ClCompile>
    <ClCompile Include="medianxlofflinetools.cpp">
      <Filter>Source Files</Filter>
    </ClCompile>
    <ClCompile Include="propertiesviewerwidget.cpp">
      <Filter>Source Files</Filter>
    </ClCompile>
    <ClCompile Include="qd2charrenamer.cpp">
      <Filter>Source Files</Filter>
    </ClCompile>
    <ClCompile Include="resurrectpenaltydialog.cpp">
      <Filter>Source Files</Filter>
    </ClCompile>
    <ClCompile Include="GeneratedFiles\Release\moc_enums.cpp">
      <Filter>Generated Files\Release</Filter>
    </ClCompile>
    <ClCompile Include="GeneratedFiles\Release\moc_itemspropertiessplitter.cpp">
      <Filter>Generated Files\Release</Filter>
    </ClCompile>
    <ClCompile Include="GeneratedFiles\Release\moc_itemstoragetablemodel.cpp">
      <Filter>Generated Files\Release</Filter>
    </ClCompile>
    <ClCompile Include="GeneratedFiles\Release\moc_itemstoragetableview.cpp">
      <Filter>Generated Files\Release</Filter>
    </ClCompile>
    <ClCompile Include="GeneratedFiles\Release\moc_itemsviewerdialog.cpp">
      <Filter>Generated Files\Release</Filter>
    </ClCompile>
    <ClCompile Include="GeneratedFiles\Release\moc_medianxlofflinetools.cpp">
      <Filter>Generated Files\Release</Filter>
    </ClCompile>
    <ClCompile Include="GeneratedFiles\Release\moc_propertiesviewerwidget.cpp">
      <Filter>Generated Files\Release</Filter>
    </ClCompile>
    <ClCompile Include="GeneratedFiles\Release\moc_qd2charrenamer.cpp">
      <Filter>Generated Files\Release</Filter>
    </ClCompile>
    <ClCompile Include="GeneratedFiles\Release\moc_resurrectpenaltydialog.cpp">
      <Filter>Generated Files\Release</Filter>
    </ClCompile>
    <ClCompile Include="GeneratedFiles\Debug\moc_enums.cpp">
      <Filter>Generated Files\Debug</Filter>
    </ClCompile>
    <ClCompile Include="GeneratedFiles\Debug\moc_itemspropertiessplitter.cpp">
      <Filter>Generated Files\Debug</Filter>
    </ClCompile>
    <ClCompile Include="GeneratedFiles\Debug\moc_itemstoragetablemodel.cpp">
      <Filter>Generated Files\Debug</Filter>
    </ClCompile>
    <ClCompile Include="GeneratedFiles\Debug\moc_itemstoragetableview.cpp">
      <Filter>Generated Files\Debug</Filter>
    </ClCompile>
    <ClCompile Include="GeneratedFiles\Debug\moc_itemsviewerdialog.cpp">
      <Filter>Generated Files\Debug</Filter>
    </ClCompile>
    <ClCompile Include="GeneratedFiles\Debug\moc_medianxlofflinetools.cpp">
      <Filter>Generated Files\Debug</Filter>
    </ClCompile>
    <ClCompile Include="GeneratedFiles\Debug\moc_propertiesviewerwidget.cpp">
      <Filter>Generated Files\Debug</Filter>
    </ClCompile>
    <ClCompile Include="GeneratedFiles\Debug\moc_qd2charrenamer.cpp">
      <Filter>Generated Files\Debug</Filter>
    </ClCompile>
    <ClCompile Include="GeneratedFiles\Debug\moc_resurrectpenaltydialog.cpp">
      <Filter>Generated Files\Debug</Filter>
    </ClCompile>
    <ClCompile Include="GeneratedFiles\Debug\moc_finditemsdialog.cpp">
      <Filter>Generated Files\Debug</Filter>
    </ClCompile>
    <ClCompile Include="GeneratedFiles\Release\moc_finditemsdialog.cpp">
      <Filter>Generated Files\Release</Filter>
    </ClCompile>
    <ClCompile Include="GeneratedFiles\Template\moc_finditemsdialog.cpp">
      <Filter>Generated Files\Template</Filter>
    </ClCompile>
    <ClCompile Include="finditemsdialog.cpp">
      <Filter>Source Files</Filter>
    </ClCompile>
    <ClCompile Include="reversebitreader.cpp">
      <Filter>Source Files</Filter>
    </ClCompile>
    <ClCompile Include="reversebitwriter.cpp">
      <Filter>Source Files</Filter>
    </ClCompile>
    <ClCompile Include="itemparser.cpp">
      <Filter>Source Files</Filter>
    </ClCompile>
    <ClCompile Include="propertiesdisplaymanager.cpp">
      <Filter>Source Files</Filter>
    </ClCompile>
    <ClCompile Include="GeneratedFiles\qrc_medianxlofflinetools.cpp">
      <Filter>Generated Files</Filter>
    </ClCompile>
    <ClCompile Include="GeneratedFiles\Debug\moc_findresultswidget.cpp">
      <Filter>Generated Files\Debug</Filter>
    </ClCompile>
    <ClCompile Include="GeneratedFiles\Release\moc_findresultswidget.cpp">
      <Filter>Generated Files\Release</Filter>
    </ClCompile>
    <ClCompile Include="GeneratedFiles\Template\moc_findresultswidget.cpp">
      <Filter>Generated Files\Template</Filter>
    </ClCompile>
    <ClCompile Include="findresultswidget.cpp">
      <Filter>Source Files</Filter>
    </ClCompile>
    <ClCompile Include="skillplandialog.cpp">
      <Filter>Source Files</Filter>
    </ClCompile>
    <ClCompile Include="GeneratedFiles\Debug\moc_skillplandialog.cpp">
      <Filter>Generated Files\Debug</Filter>
    </ClCompile>
    <ClCompile Include="GeneratedFiles\Release\moc_skillplandialog.cpp">
      <Filter>Generated Files\Release</Filter>
    </ClCompile>
    <ClCompile Include="GeneratedFiles\Template\moc_skillplandialog.cpp">
      <Filter>Generated Files\Template</Filter>
    </ClCompile>
    <ClCompile Include="application.cpp">
      <Filter>Source Files</Filter>
    </ClCompile>
    <ClCompile Include="GeneratedFiles\Debug\moc_application.cpp">
      <Filter>Generated Files\Debug</Filter>
    </ClCompile>
    <ClCompile Include="GeneratedFiles\Release\moc_application.cpp">
      <Filter>Generated Files\Release</Filter>
    </ClCompile>
    <ClCompile Include="GeneratedFiles\Template\moc_application.cpp">
      <Filter>Generated Files\Template</Filter>
    </ClCompile>
    <ClCompile Include="medianxlofflinetools_win.cpp">
      <Filter>Source Files</Filter>
    </ClCompile>
    <ClCompile Include="GeneratedFiles\Debug\moc_qtlocalpeer.cpp">
      <Filter>Generated Files\Debug</Filter>
    </ClCompile>
    <ClCompile Include="GeneratedFiles\Release\moc_qtlocalpeer.cpp">
      <Filter>Generated Files\Release</Filter>
    </ClCompile>
    <ClCompile Include="GeneratedFiles\Template\moc_qtlocalpeer.cpp">
      <Filter>Generated Files\Template</Filter>
    </ClCompile>
    <ClCompile Include="qtsingleapplication\qtsingleapplication.cpp">
      <Filter>qtsingleapplication</Filter>
    </ClCompile>
    <ClCompile Include="GeneratedFiles\Debug\moc_qtsingleapplication.cpp">
      <Filter>Generated Files\Debug</Filter>
    </ClCompile>
    <ClCompile Include="GeneratedFiles\Release\moc_qtsingleapplication.cpp">
      <Filter>Generated Files\Release</Filter>
    </ClCompile>
    <ClCompile Include="GeneratedFiles\Template\moc_qtsingleapplication.cpp">
      <Filter>Generated Files\Template</Filter>
    </ClCompile>
    <ClCompile Include="qtsingleapplication\qtlocalpeer.cpp">
      <Filter>qtsingleapplication</Filter>
    </ClCompile>
    <ClCompile Include="fileassociationmanager_win.cpp">
      <Filter>Source Files</Filter>
    </ClCompile>
  </ItemGroup>
  <ItemGroup>
    <ClInclude Include="helpers.h">
      <Filter>Header Files</Filter>
    </ClInclude>
    <ClInclude Include="itemdatabase.h">
      <Filter>Header Files</Filter>
    </ClInclude>
    <ClInclude Include="Resources\win\resource.h">
      <Filter>Header Files</Filter>
    </ClInclude>
    <ClInclude Include="structs.h">
      <Filter>Header Files</Filter>
    </ClInclude>
    <ClInclude Include="GeneratedFiles\ui_medianxlofflinetools.h">
      <Filter>Generated Files</Filter>
    </ClInclude>
    <ClInclude Include="GeneratedFiles\ui_propertiesviewerwidget.h">
      <Filter>Generated Files</Filter>
    </ClInclude>
    <ClInclude Include="GeneratedFiles\ui_qd2charrenamer.h">
      <Filter>Generated Files</Filter>
    </ClInclude>
    <ClInclude Include="GeneratedFiles\ui_resurrectpenaltydialog.h">
      <Filter>Generated Files</Filter>
    </ClInclude>
    <ClInclude Include="GeneratedFiles\ui_finditemsdialog.h">
      <Filter>Generated Files</Filter>
    </ClInclude>
    <ClInclude Include="reversebitreader.h">
      <Filter>Header Files</Filter>
    </ClInclude>
    <ClInclude Include="reversebitwriter.h">
      <Filter>Header Files</Filter>
    </ClInclude>
    <ClInclude Include="itemparser.h">
      <Filter>Header Files</Filter>
    </ClInclude>
    <ClInclude Include="resourcepathmanager.hpp">
      <Filter>Header Files</Filter>
    </ClInclude>
    <ClInclude Include="languagemanager.hpp">
      <Filter>Header Files</Filter>
    </ClInclude>
    <ClInclude Include="propertiesdisplaymanager.h">
      <Filter>Header Files</Filter>
    </ClInclude>
    <ClInclude Include="characterinfo.hpp">
      <Filter>Header Files</Filter>
    </ClInclude>
    <ClInclude Include="GeneratedFiles\ui_skillplandialog.h">
      <Filter>Generated Files</Filter>
    </ClInclude>
    <ClInclude Include="qtsingleapplication\qtlockedfile.h">
      <Filter>qtsingleapplication</Filter>
    </ClInclude>
    <ClInclude Include="colorsmanager.hpp">
      <Filter>Header Files</Filter>
    </ClInclude>
    <ClInclude Include="fileassociationmanager.h">
      <Filter>Header Files</Filter>
    </ClInclude>
    <ClInclude Include="windowsincludes.h">
      <Filter>Header Files</Filter>
    </ClInclude>
  </ItemGroup>
  <ItemGroup>
    <None Include="TODO.txt" />
    <None Include="Resources\translations\medianxlofflinetools.ts">
      <Filter>Translation Files</Filter>
    </None>
    <None Include="Resources\translations\medianxlofflinetools_ru.ts">
      <Filter>Translation Files</Filter>
    </None>
  </ItemGroup>
  <ItemGroup>
    <CustomBuild Include="enums.h">
      <Filter>Header Files</Filter>
    </CustomBuild>
    <CustomBuild Include="itemspropertiessplitter.h">
      <Filter>Header Files</Filter>
    </CustomBuild>
    <CustomBuild Include="itemstoragetablemodel.h">
      <Filter>Header Files</Filter>
    </CustomBuild>
    <CustomBuild Include="itemstoragetableview.h">
      <Filter>Header Files</Filter>
    </CustomBuild>
    <CustomBuild Include="itemsviewerdialog.h">
      <Filter>Header Files</Filter>
    </CustomBuild>
    <CustomBuild Include="medianxlofflinetools.h">
      <Filter>Header Files</Filter>
    </CustomBuild>
    <CustomBuild Include="propertiesviewerwidget.h">
      <Filter>Header Files</Filter>
    </CustomBuild>
    <CustomBuild Include="qd2charrenamer.h">
      <Filter>Header Files</Filter>
    </CustomBuild>
    <CustomBuild Include="resurrectpenaltydialog.h">
      <Filter>Header Files</Filter>
    </CustomBuild>
    <CustomBuild Include="medianxlofflinetools.ui">
      <Filter>Form Files</Filter>
    </CustomBuild>
    <CustomBuild Include="propertiesviewerwidget.ui">
      <Filter>Form Files</Filter>
    </CustomBuild>
    <CustomBuild Include="qd2charrenamer.ui">
      <Filter>Form Files</Filter>
    </CustomBuild>
    <CustomBuild Include="resurrectpenaltydialog.ui">
      <Filter>Form Files</Filter>
    </CustomBuild>
    <CustomBuild Include="finditemsdialog.ui">
      <Filter>Form Files</Filter>
    </CustomBuild>
    <CustomBuild Include="finditemsdialog.h">
      <Filter>Header Files</Filter>
    </CustomBuild>
    <CustomBuild Include="Resources\medianxlofflinetools.qrc">
      <Filter>Resource Files</Filter>
    </CustomBuild>
    <CustomBuild Include="findresultswidget.h">
      <Filter>Header Files</Filter>
    </CustomBuild>
    <CustomBuild Include="skillplandialog.h">
      <Filter>Header Files</Filter>
    </CustomBuild>
    <CustomBuild Include="skillplandialog.ui">
      <Filter>Form Files</Filter>
    </CustomBuild>
    <CustomBuild Include="application.h">
      <Filter>Header Files</Filter>
    </CustomBuild>
    <CustomBuild Include="qtsingleapplication\qtlocalpeer.h">
      <Filter>qtsingleapplication</Filter>
    </CustomBuild>
    <CustomBuild Include="qtsingleapplication\qtsingleapplication.h">
      <Filter>qtsingleapplication</Filter>
    </CustomBuild>
  </ItemGroup>
  <ItemGroup>
    <ResourceCompile Include="Resources\win\medianxlofflinetools.rc">
      <Filter>Resource Files</Filter>
    </ResourceCompile>
  </ItemGroup>
</Project>